{
  "requires": true,
  "lockfileVersion": 1,
  "dependencies": {
    "charenc": {
      "version": "0.0.2",
      "resolved": "https://registry.npmjs.org/charenc/-/charenc-0.0.2.tgz",
      "integrity": "sha1-wKHS86cJLgN3S/qD8UwPxXkKhmc="
    },
    "crypt": {
      "version": "0.0.2",
      "resolved": "https://registry.npmjs.org/crypt/-/crypt-0.0.2.tgz",
      "integrity": "sha1-iNf/fsDfuG9xPch7u0LQRNPmxBs="
    },
    "is-buffer": {
      "version": "1.1.6",
      "resolved": "https://registry.npmjs.org/is-buffer/-/is-buffer-1.1.6.tgz",
      "integrity": "sha512-NcdALwpXkTm5Zvvbk7owOUSvVvBKDgKP5/ewfXEznmQFfs4ZRmanOeKBTjRVjka3QFoN6XJ+9F3USqfHqTaU5w=="
    },
    "md5": {
      "version": "2.2.1",
      "resolved": "https://registry.npmjs.org/md5/-/md5-2.2.1.tgz",
      "integrity": "sha1-U6s41f48iJG6RlMp6iP6wFQBJvk=",
      "requires": {
        "charenc": "~0.0.1",
        "crypt": "~0.0.1",
        "is-buffer": "~1.1.1"
      }
    },
    "mpvue-citypicker": {
      "version": "1.0.6",
      "resolved": "https://registry.npmjs.org/mpvue-citypicker/-/mpvue-citypicker-1.0.6.tgz",
      "integrity": "sha512-V8TuUILYw7pFV0ii02tXKUtLmoa+mTxxJS85dEIc4sp85dVTLNi2GmXqBoz9MkT+QwKeOf3fPvFZzoucERz5rA=="
    },
    "weixin-js-sdk": {
      "version": "1.4.0-test",
      "resolved": "https://registry.npmjs.org/weixin-js-sdk/-/weixin-js-sdk-1.4.0-test.tgz",
      "integrity": "sha512-Dh/TwKhaQVAlyqEXdR65aJdexsynOhCEauexY93YZ+gXcV+ITTd/qvAHdwmkGP0nwAp314v0FD4AXUqCBQFm6Q=="
    }
  }
}
